
Microsoft Visual Studio Solution File, Format Version 12.00
# Visual Studio Version 17
VisualStudioVersion = 17.8.34330.188
MinimumVisualStudioVersion = 10.0.40219.1
Project("{FAE04EC0-301F-11D3-BF4B-00C04F79EFBC}") = "GreenThumb", "GreenThumb.csproj", "{0D81DA04-D7C8-4DB5-A93B-39042CE7CFBA}"
EndProject
Global
	GlobalSection(SolutionConfigurationPlatforms) = preSolution
		Debug|Any CPU = Debug|Any CPU
		Release|Any CPU = Release|Any CPU
	EndGlobalSection
	GlobalSection(ProjectConfigurationPlatforms) = postSolution
		{0D81DA04-D7C8-4DB5-A93B-39042CE7CFBA}.Debug|Any CPU.ActiveCfg = Debug|Any CPU
		{0D81DA04-D7C8-4DB5-A93B-39042CE7CFBA}.Debug|Any CPU.Build.0 = Debug|Any CPU
		{0D81DA04-D7C8-4DB5-A93B-39042CE7CFBA}.Release|Any CPU.ActiveCfg = Release|Any CPU
		{0D81DA04-D7C8-4DB5-A93B-39042CE7CFBA}.Release|Any CPU.Build.0 = Release|Any CPU
	EndGlobalSection
	GlobalSection(SolutionProperties) = preSolution
		HideSolutionNode = FALSE
	EndGlobalSection
	GlobalSection(ExtensibilityGlobals) = postSolution
		SolutionGuid = {2826B4FC-23C2-4085-BEE1-BBD2B868260A}
	EndGlobalSection
EndGlobal
